
Microsoft Visual Studio Solution File, Format Version 12.00
# Visual Studio Version 17
VisualStudioVersion = 17.14.36414.22 d17.14
MinimumVisualStudioVersion = 10.0.40219.1
Project("{FAE04EC0-301F-11D3-BF4B-00C04F79EFBC}") = "thomas-aidan-a1-consolegen", "thomas-aidan-a1-consolegen.csproj", "{DE692E5E-3B87-4348-8141-5FC04035F6A6}"
EndProject
Global
	GlobalSection(SolutionConfigurationPlatforms) = preSolution
		Debug|Any CPU = Debug|Any CPU
		Release|Any CPU = Release|Any CPU
	EndGlobalSection
	GlobalSection(ProjectConfigurationPlatforms) = postSolution
		{DE692E5E-3B87-4348-8141-5FC04035F6A6}.Debug|Any CPU.ActiveCfg = Debug|Any CPU
		{DE692E5E-3B87-4348-8141-5FC04035F6A6}.Debug|Any CPU.Build.0 = Debug|Any CPU
		{DE692E5E-3B87-4348-8141-5FC04035F6A6}.Release|Any CPU.ActiveCfg = Release|Any CPU
		{DE692E5E-3B87-4348-8141-5FC04035F6A6}.Release|Any CPU.Build.0 = Release|Any CPU
	EndGlobalSection
	GlobalSection(SolutionProperties) = preSolution
		HideSolutionNode = FALSE
	EndGlobalSection
	GlobalSection(ExtensibilityGlobals) = postSolution
		SolutionGuid = {4A62B580-8D2E-4AC6-B329-D4E5F51313C0}
	EndGlobalSection
EndGlobal
